
Microsoft Visual Studio Solution File, Format Version 12.00
# Visual Studio 15
VisualStudioVersion = 15.0.27130.2027
MinimumVisualStudioVersion = 10.0.40219.1
Project("{FAE04EC0-301F-11D3-BF4B-00C04F79EFBC}") = "Test.Android", "Test\Test.Android\Test.Android.csproj", "{5C94C347-DEFE-469B-9B90-A500C70052DE}"
EndProject
Project("{FAE04EC0-301F-11D3-BF4B-00C04F79EFBC}") = "Test.iOS", "Test\Test.iOS\Test.iOS.csproj", "{E820EFAA-8862-4995-B10E-68B4C1AA9506}"
EndProject
Project("{FAE04EC0-301F-11D3-BF4B-00C04F79EFBC}") = "Test", "Test\Test\Test.csproj", "{9A5A7D37-9F55-4971-8B53-D677ABA9DBA9}"
EndProject
Project("{2150E333-8FDC-42A3-9474-1A3956D46DE8}") = "Demo", "Demo", "{5A4D0CC5-B6DB-4BE2-8C99-E1E10101FD69}"
EndProject
Project("{FAE04EC0-301F-11D3-BF4B-00C04F79EFBC}") = "STabbedPage", "STabbedPage\STabbedPage\STabbedPage.csproj", "{E4CEE042-4C2B-46A8-A8DC-7578E590AC0F}"
EndProject
Project("{FAE04EC0-301F-11D3-BF4B-00C04F79EFBC}") = "STabbedPage.Android", "STabbedPage\STabbedPage.Android\STabbedPage.Android.csproj", "{F5DD4C82-FC0B-44A0-BC81-99AA9255B0BA}"
EndProject
Project("{FAE04EC0-301F-11D3-BF4B-00C04F79EFBC}") = "STabbedPage.iOS", "STabbedPage\STabbedPage.iOS\STabbedPage.iOS.csproj", "{5FB4449D-47C5-4F00-A7BC-8D3956974BD9}"
EndProject
Project("{2150E333-8FDC-42A3-9474-1A3956D46DE8}") = "Library", "Library", "{ACF02388-CD34-4CCB-9EF6-B48C3E9513D9}"
EndProject
Global
	GlobalSection(SolutionConfigurationPlatforms) = preSolution
		Ad-Hoc|Any CPU = Ad-Hoc|Any CPU
		Ad-Hoc|iPhone = Ad-Hoc|iPhone
		Ad-Hoc|iPhoneSimulator = Ad-Hoc|iPhoneSimulator
		AppStore|Any CPU = AppStore|Any CPU
		AppStore|iPhone = AppStore|iPhone
		AppStore|iPhoneSimulator = AppStore|iPhoneSimulator
		Debug|Any CPU = Debug|Any CPU
		Debug|iPhone = Debug|iPhone
		Debug|iPhoneSimulator = Debug|iPhoneSimulator
		Release|Any CPU = Release|Any CPU
		Release|iPhone = Release|iPhone
		Release|iPhoneSimulator = Release|iPhoneSimulator
	EndGlobalSection
	GlobalSection(ProjectConfigurationPlatforms) = postSolution
		{5C94C347-DEFE-469B-9B90-A500C70052DE}.Ad-Hoc|Any CPU.ActiveCfg = Release|Any CPU
		{5C94C347-DEFE-469B-9B90-A500C70052DE}.Ad-Hoc|Any CPU.Build.0 = Release|Any CPU
		{5C94C347-DEFE-469B-9B90-A500C70052DE}.Ad-Hoc|Any CPU.Deploy.0 = Release|Any CPU
		{5C94C347-DEFE-469B-9B90-A500C70052DE}.Ad-Hoc|iPhone.ActiveCfg = Release|Any CPU
		{5C94C347-DEFE-469B-9B90-A500C70052DE}.Ad-Hoc|iPhone.Build.0 = Release|Any CPU
		{5C94C347-DEFE-469B-9B90-A500C70052DE}.Ad-Hoc|iPhone.Deploy.0 = Release|Any CPU
		{5C94C347-DEFE-469B-9B90-A500C70052DE}.Ad-Hoc|iPhoneSimulator.ActiveCfg = Release|Any CPU
		{5C94C347-DEFE-469B-9B90-A500C70052DE}.Ad-Hoc|iPhoneSimulator.Build.0 = Release|Any CPU
		{5C94C347-DEFE-469B-9B90-A500C70052DE}.Ad-Hoc|iPhoneSimulator.Deploy.0 = Release|Any CPU
		{5C94C347-DEFE-469B-9B90-A500C70052DE}.AppStore|Any CPU.ActiveCfg = Release|Any CPU
		{5C94C347-DEFE-469B-9B90-A500C70052DE}.AppStore|Any CPU.Build.0 = Release|Any CPU
		{5C94C347-DEFE-469B-9B90-A500C70052DE}.AppStore|Any CPU.Deploy.0 = Release|Any CPU
		{5C94C347-DEFE-469B-9B90-A500C70052DE}.AppStore|iPhone.ActiveCfg = Release|Any CPU
		{5C94C347-DEFE-469B-9B90-A500C70052DE}.AppStore|iPhone.Build.0 = Release|Any CPU
		{5C94C347-DEFE-469B-9B90-A500C70052DE}.AppStore|iPhone.Deploy.0 = Release|Any CPU
		{5C94C347-DEFE-469B-9B90-A500C70052DE}.AppStore|iPhoneSimulator.ActiveCfg = Release|Any CPU
		{5C94C347-DEFE-469B-9B90-A500C70052DE}.AppStore|iPhoneSimulator.Build.0 = Release|Any CPU
		{5C94C347-DEFE-469B-9B90-A500C70052DE}.AppStore|iPhoneSimulator.Deploy.0 = Release|Any CPU
		{5C94C347-DEFE-469B-9B90-A500C70052DE}.Debug|Any CPU.ActiveCfg = Debug|Any CPU
		{5C94C347-DEFE-469B-9B90-A500C70052DE}.Debug|Any CPU.Build.0 = Debug|Any CPU
		{5C94C347-DEFE-469B-9B90-A500C70052DE}.Debug|Any CPU.Deploy.0 = Debug|Any CPU
		{5C94C347-DEFE-469B-9B90-A500C70052DE}.Debug|iPhone.ActiveCfg = Debug|Any CPU
		{5C94C347-DEFE-469B-9B90-A500C70052DE}.Debug|iPhone.Build.0 = Debug|Any CPU
		{5C94C347-DEFE-469B-9B90-A500C70052DE}.Debug|iPhone.Deploy.0 = Debug|Any CPU
		{5C94C347-DEFE-469B-9B90-A500C70052DE}.Debug|iPhoneSimulator.ActiveCfg = Debug|Any CPU
		{5C94C347-DEFE-469B-9B90-A500C70052DE}.Debug|iPhoneSimulator.Build.0 = Debug|Any CPU
		{5C94C347-DEFE-469B-9B90-A500C70052DE}.Debug|iPhoneSimulator.Deploy.0 = Debug|Any CPU
		{5C94C347-DEFE-469B-9B90-A500C70052DE}.Release|Any CPU.ActiveCfg = Release|Any CPU
		{5C94C347-DEFE-469B-9B90-A500C70052DE}.Release|Any CPU.Build.0 = Release|Any CPU
		{5C94C347-DEFE-469B-9B90-A500C70052DE}.Release|Any CPU.Deploy.0 = Release|Any CPU
		{5C94C347-DEFE-469B-9B90-A500C70052DE}.Release|iPhone.ActiveCfg = Release|Any CPU
		{5C94C347-DEFE-469B-9B90-A500C70052DE}.Release|iPhone.Build.0 = Release|Any CPU
		{5C94C347-DEFE-469B-9B90-A500C70052DE}.Release|iPhone.Deploy.0 = Release|Any CPU
		{5C94C347-DEFE-469B-9B90-A500C70052DE}.Release|iPhoneSimulator.ActiveCfg = Release|Any CPU
		{5C94C347-DEFE-469B-9B90-A500C70052DE}.Release|iPhoneSimulator.Build.0 = Release|Any CPU
		{5C94C347-DEFE-469B-9B90-A500C70052DE}.Release|iPhoneSimulator.Deploy.0 = Release|Any CPU
		{E820EFAA-8862-4995-B10E-68B4C1AA9506}.Ad-Hoc|Any CPU.ActiveCfg = Ad-Hoc|iPhone
		{E820EFAA-8862-4995-B10E-68B4C1AA9506}.Ad-Hoc|iPhone.ActiveCfg = Ad-Hoc|iPhone
		{E820EFAA-8862-4995-B10E-68B4C1AA9506}.Ad-Hoc|iPhone.Build.0 = Ad-Hoc|iPhone
		{E820EFAA-8862-4995-B10E-68B4C1AA9506}.Ad-Hoc|iPhoneSimulator.ActiveCfg = Ad-Hoc|iPhoneSimulator
		{E820EFAA-8862-4995-B10E-68B4C1AA9506}.Ad-Hoc|iPhoneSimulator.Build.0 = Ad-Hoc|iPhoneSimulator
		{E820EFAA-8862-4995-B10E-68B4C1AA9506}.AppStore|Any CPU.ActiveCfg = AppStore|iPhone
		{E820EFAA-8862-4995-B10E-68B4C1AA9506}.AppStore|iPhone.ActiveCfg = AppStore|iPhone
		{E820EFAA-8862-4995-B10E-68B4C1AA9506}.AppStore|iPhone.Build.0 = AppStore|iPhone
		{E820EFAA-8862-4995-B10E-68B4C1AA9506}.AppStore|iPhoneSimulator.ActiveCfg = AppStore|iPhoneSimulator
		{E820EFAA-8862-4995-B10E-68B4C1AA9506}.AppStore|iPhoneSimulator.Build.0 = AppStore|iPhoneSimulator
		{E820EFAA-8862-4995-B10E-68B4C1AA9506}.Debug|Any CPU.ActiveCfg = Debug|iPhone
		{E820EFAA-8862-4995-B10E-68B4C1AA9506}.Debug|iPhone.ActiveCfg = Debug|iPhone
		{E820EFAA-8862-4995-B10E-68B4C1AA9506}.Debug|iPhone.Build.0 = Debug|iPhone
		{E820EFAA-8862-4995-B10E-68B4C1AA9506}.Debug|iPhoneSimulator.ActiveCfg = Debug|iPhoneSimulator
		{E820EFAA-8862-4995-B10E-68B4C1AA9506}.Debug|iPhoneSimulator.Build.0 = Debug|iPhoneSimulator
		{E820EFAA-8862-4995-B10E-68B4C1AA9506}.Release|Any CPU.ActiveCfg = Release|iPhone
		{E820EFAA-8862-4995-B10E-68B4C1AA9506}.Release|iPhone.ActiveCfg = Release|iPhone
		{E820EFAA-8862-4995-B10E-68B4C1AA9506}.Release|iPhone.Build.0 = Release|iPhone
		{E820EFAA-8862-4995-B10E-68B4C1AA9506}.Release|iPhoneSimulator.ActiveCfg = Release|iPhoneSimulator
		{E820EFAA-8862-4995-B10E-68B4C1AA9506}.Release|iPhoneSimulator.Build.0 = Release|iPhoneSimulator
		{9A5A7D37-9F55-4971-8B53-D677ABA9DBA9}.Ad-Hoc|Any CPU.ActiveCfg = Debug|Any CPU
		{9A5A7D37-9F55-4971-8B53-D677ABA9DBA9}.Ad-Hoc|Any CPU.Build.0 = Debug|Any CPU
		{9A5A7D37-9F55-4971-8B53-D677ABA9DBA9}.Ad-Hoc|iPhone.ActiveCfg = Debug|Any CPU
		{9A5A7D37-9F55-4971-8B53-D677ABA9DBA9}.Ad-Hoc|iPhone.Build.0 = Debug|Any CPU
		{9A5A7D37-9F55-4971-8B53-D677ABA9DBA9}.Ad-Hoc|iPhoneSimulator.ActiveCfg = Debug|Any CPU
		{9A5A7D37-9F55-4971-8B53-D677ABA9DBA9}.Ad-Hoc|iPhoneSimulator.Build.0 = Debug|Any CPU
		{9A5A7D37-9F55-4971-8B53-D677ABA9DBA9}.AppStore|Any CPU.ActiveCfg = Debug|Any CPU
		{9A5A7D37-9F55-4971-8B53-D677ABA9DBA9}.AppStore|Any CPU.Build.0 = Debug|Any CPU
		{9A5A7D37-9F55-4971-8B53-D677ABA9DBA9}.AppStore|iPhone.ActiveCfg = Debug|Any CPU
		{9A5A7D37-9F55-4971-8B53-D677ABA9DBA9}.AppStore|iPhone.Build.0 = Debug|Any CPU
		{9A5A7D37-9F55-4971-8B53-D677ABA9DBA9}.AppStore|iPhoneSimulator.ActiveCfg = Debug|Any CPU
		{9A5A7D37-9F55-4971-8B53-D677ABA9DBA9}.AppStore|iPhoneSimulator.Build.0 = Debug|Any CPU
		{9A5A7D37-9F55-4971-8B53-D677ABA9DBA9}.Debug|Any CPU.ActiveCfg = Debug|Any CPU
		{9A5A7D37-9F55-4971-8B53-D677ABA9DBA9}.Debug|Any CPU.Build.0 = Debug|Any CPU
		{9A5A7D37-9F55-4971-8B53-D677ABA9DBA9}.Debug|iPhone.ActiveCfg = Debug|Any CPU
		{9A5A7D37-9F55-4971-8B53-D677ABA9DBA9}.Debug|iPhone.Build.0 = Debug|Any CPU
		{9A5A7D37-9F55-4971-8B53-D677ABA9DBA9}.Debug|iPhoneSimulator.ActiveCfg = Debug|Any CPU
		{9A5A7D37-9F55-4971-8B53-D677ABA9DBA9}.Debug|iPhoneSimulator.Build.0 = Debug|Any CPU
		{9A5A7D37-9F55-4971-8B53-D677ABA9DBA9}.Release|Any CPU.ActiveCfg = Release|Any CPU
		{9A5A7D37-9F55-4971-8B53-D677ABA9DBA9}.Release|Any CPU.Build.0 = Release|Any CPU
		{9A5A7D37-9F55-4971-8B53-D677ABA9DBA9}.Release|iPhone.ActiveCfg = Release|Any CPU
		{9A5A7D37-9F55-4971-8B53-D677ABA9DBA9}.Release|iPhone.Build.0 = Release|Any CPU
		{9A5A7D37-9F55-4971-8B53-D677ABA9DBA9}.Release|iPhoneSimulator.ActiveCfg = Release|Any CPU
		{9A5A7D37-9F55-4971-8B53-D677ABA9DBA9}.Release|iPhoneSimulator.Build.0 = Release|Any CPU
		{E4CEE042-4C2B-46A8-A8DC-7578E590AC0F}.Ad-Hoc|Any CPU.ActiveCfg = Debug|Any CPU
		{E4CEE042-4C2B-46A8-A8DC-7578E590AC0F}.Ad-Hoc|Any CPU.Build.0 = Debug|Any CPU
		{E4CEE042-4C2B-46A8-A8DC-7578E590AC0F}.Ad-Hoc|iPhone.ActiveCfg = Debug|Any CPU
		{E4CEE042-4C2B-46A8-A8DC-7578E590AC0F}.Ad-Hoc|iPhone.Build.0 = Debug|Any CPU
		{E4CEE042-4C2B-46A8-A8DC-7578E590AC0F}.Ad-Hoc|iPhoneSimulator.ActiveCfg = Debug|Any CPU
		{E4CEE042-4C2B-46A8-A8DC-7578E590AC0F}.Ad-Hoc|iPhoneSimulator.Build.0 = Debug|Any CPU
		{E4CEE042-4C2B-46A8-A8DC-7578E590AC0F}.AppStore|Any CPU.ActiveCfg = Debug|Any CPU
		{E4CEE042-4C2B-46A8-A8DC-7578E590AC0F}.AppStore|Any CPU.Build.0 = Debug|Any CPU
		{E4CEE042-4C2B-46A8-A8DC-7578E590AC0F}.AppStore|iPhone.ActiveCfg = Debug|Any CPU
		{E4CEE042-4C2B-46A8-A8DC-7578E590AC0F}.AppStore|iPhone.Build.0 = Debug|Any CPU
		{E4CEE042-4C2B-46A8-A8DC-7578E590AC0F}.AppStore|iPhoneSimulator.ActiveCfg = Debug|Any CPU
		{E4CEE042-4C2B-46A8-A8DC-7578E590AC0F}.AppStore|iPhoneSimulator.Build.0 = Debug|Any CPU
		{E4CEE042-4C2B-46A8-A8DC-7578E590AC0F}.Debug|Any CPU.ActiveCfg = Debug|Any CPU
		{E4CEE042-4C2B-46A8-A8DC-7578E590AC0F}.Debug|Any CPU.Build.0 = Debug|Any CPU
		{E4CEE042-4C2B-46A8-A8DC-7578E590AC0F}.Debug|iPhone.ActiveCfg = Debug|Any CPU
		{E4CEE042-4C2B-46A8-A8DC-7578E590AC0F}.Debug|iPhone.Build.0 = Debug|Any CPU
		{E4CEE042-4C2B-46A8-A8DC-7578E590AC0F}.Debug|iPhoneSimulator.ActiveCfg = Debug|Any CPU
		{E4CEE042-4C2B-46A8-A8DC-7578E590AC0F}.Debug|iPhoneSimulator.Build.0 = Debug|Any CPU
		{E4CEE042-4C2B-46A8-A8DC-7578E590AC0F}.Release|Any CPU.ActiveCfg = Release|Any CPU
		{E4CEE042-4C2B-46A8-A8DC-7578E590AC0F}.Release|Any CPU.Build.0 = Release|Any CPU
		{E4CEE042-4C2B-46A8-A8DC-7578E590AC0F}.Release|iPhone.ActiveCfg = Release|Any CPU
		{E4CEE042-4C2B-46A8-A8DC-7578E590AC0F}.Release|iPhone.Build.0 = Release|Any CPU
		{E4CEE042-4C2B-46A8-A8DC-7578E590AC0F}.Release|iPhoneSimulator.ActiveCfg = Release|Any CPU
		{E4CEE042-4C2B-46A8-A8DC-7578E590AC0F}.Release|iPhoneSimulator.Build.0 = Release|Any CPU
		{F5DD4C82-FC0B-44A0-BC81-99AA9255B0BA}.Ad-Hoc|Any CPU.ActiveCfg = Release|Any CPU
		{F5DD4C82-FC0B-44A0-BC81-99AA9255B0BA}.Ad-Hoc|Any CPU.Build.0 = Release|Any CPU
		{F5DD4C82-FC0B-44A0-BC81-99AA9255B0BA}.Ad-Hoc|iPhone.ActiveCfg = Release|Any CPU
		{F5DD4C82-FC0B-44A0-BC81-99AA9255B0BA}.Ad-Hoc|iPhone.Build.0 = Release|Any CPU
		{F5DD4C82-FC0B-44A0-BC81-99AA9255B0BA}.Ad-Hoc|iPhoneSimulator.ActiveCfg = Release|Any CPU
		{F5DD4C82-FC0B-44A0-BC81-99AA9255B0BA}.Ad-Hoc|iPhoneSimulator.Build.0 = Release|Any CPU
		{F5DD4C82-FC0B-44A0-BC81-99AA9255B0BA}.AppStore|Any CPU.ActiveCfg = Release|Any CPU
		{F5DD4C82-FC0B-44A0-BC81-99AA9255B0BA}.AppStore|Any CPU.Build.0 = Release|Any CPU
		{F5DD4C82-FC0B-44A0-BC81-99AA9255B0BA}.AppStore|iPhone.ActiveCfg = Release|Any CPU
		{F5DD4C82-FC0B-44A0-BC81-99AA9255B0BA}.AppStore|iPhone.Build.0 = Release|Any CPU
		{F5DD4C82-FC0B-44A0-BC81-99AA9255B0BA}.AppStore|iPhoneSimulator.ActiveCfg = Release|Any CPU
		{F5DD4C82-FC0B-44A0-BC81-99AA9255B0BA}.AppStore|iPhoneSimulator.Build.0 = Release|Any CPU
		{F5DD4C82-FC0B-44A0-BC81-99AA9255B0BA}.Debug|Any CPU.ActiveCfg = Debug|Any CPU
		{F5DD4C82-FC0B-44A0-BC81-99AA9255B0BA}.Debug|Any CPU.Build.0 = Debug|Any CPU
		{F5DD4C82-FC0B-44A0-BC81-99AA9255B0BA}.Debug|iPhone.ActiveCfg = Debug|Any CPU
		{F5DD4C82-FC0B-44A0-BC81-99AA9255B0BA}.Debug|iPhone.Build.0 = Debug|Any CPU
		{F5DD4C82-FC0B-44A0-BC81-99AA9255B0BA}.Debug|iPhoneSimulator.ActiveCfg = Debug|Any CPU
		{F5DD4C82-FC0B-44A0-BC81-99AA9255B0BA}.Debug|iPhoneSimulator.Build.0 = Debug|Any CPU
		{F5DD4C82-FC0B-44A0-BC81-99AA9255B0BA}.Release|Any CPU.ActiveCfg = Release|Any CPU
		{F5DD4C82-FC0B-44A0-BC81-99AA9255B0BA}.Release|Any CPU.Build.0 = Release|Any CPU
		{F5DD4C82-FC0B-44A0-BC81-99AA9255B0BA}.Release|iPhone.ActiveCfg = Release|Any CPU
		{F5DD4C82-FC0B-44A0-BC81-99AA9255B0BA}.Release|iPhone.Build.0 = Release|Any CPU
		{F5DD4C82-FC0B-44A0-BC81-99AA9255B0BA}.Release|iPhoneSimulator.ActiveCfg = Release|Any CPU
		{F5DD4C82-FC0B-44A0-BC81-99AA9255B0BA}.Release|iPhoneSimulator.Build.0 = Release|Any CPU
		{5FB4449D-47C5-4F00-A7BC-8D3956974BD9}.Ad-Hoc|Any CPU.ActiveCfg = Release|Any CPU
		{5FB4449D-47C5-4F00-A7BC-8D3956974BD9}.Ad-Hoc|Any CPU.Build.0 = Release|Any CPU
		{5FB4449D-47C5-4F00-A7BC-8D3956974BD9}.Ad-Hoc|iPhone.ActiveCfg = Release|Any CPU
		{5FB4449D-47C5-4F00-A7BC-8D3956974BD9}.Ad-Hoc|iPhone.Build.0 = Release|Any CPU
		{5FB4449D-47C5-4F00-A7BC-8D3956974BD9}.Ad-Hoc|iPhoneSimulator.ActiveCfg = Release|Any CPU
		{5FB4449D-47C5-4F00-A7BC-8D3956974BD9}.Ad-Hoc|iPhoneSimulator.Build.0 = Release|Any CPU
		{5FB4449D-47C5-4F00-A7BC-8D3956974BD9}.AppStore|Any CPU.ActiveCfg = Release|Any CPU
		{5FB4449D-47C5-4F00-A7BC-8D3956974BD9}.AppStore|Any CPU.Build.0 = Release|Any CPU
		{5FB4449D-47C5-4F00-A7BC-8D3956974BD9}.AppStore|iPhone.ActiveCfg = Release|Any CPU
		{5FB4449D-47C5-4F00-A7BC-8D3956974BD9}.AppStore|iPhone.Build.0 = Release|Any CPU
		{5FB4449D-47C5-4F00-A7BC-8D3956974BD9}.AppStore|iPhoneSimulator.ActiveCfg = Release|Any CPU
		{5FB4449D-47C5-4F00-A7BC-8D3956974BD9}.AppStore|iPhoneSimulator.Build.0 = Release|Any CPU
		{5FB4449D-47C5-4F00-A7BC-8D3956974BD9}.Debug|Any CPU.ActiveCfg = Debug|Any CPU
		{5FB4449D-47C5-4F00-A7BC-8D3956974BD9}.Debug|Any CPU.Build.0 = Debug|Any CPU
		{5FB4449D-47C5-4F00-A7BC-8D3956974BD9}.Debug|iPhone.ActiveCfg = Debug|Any CPU
		{5FB4449D-47C5-4F00-A7BC-8D3956974BD9}.Debug|iPhone.Build.0 = Debug|Any CPU
		{5FB4449D-47C5-4F00-A7BC-8D3956974BD9}.Debug|iPhoneSimulator.ActiveCfg = Debug|Any CPU
		{5FB4449D-47C5-4F00-A7BC-8D3956974BD9}.Debug|iPhoneSimulator.Build.0 = Debug|Any CPU
		{5FB4449D-47C5-4F00-A7BC-8D3956974BD9}.Release|Any CPU.ActiveCfg = Release|Any CPU
		{5FB4449D-47C5-4F00-A7BC-8D3956974BD9}.Release|Any CPU.Build.0 = Release|Any CPU
		{5FB4449D-47C5-4F00-A7BC-8D3956974BD9}.Release|iPhone.ActiveCfg = Release|Any CPU
		{5FB4449D-47C5-4F00-A7BC-8D3956974BD9}.Release|iPhone.Build.0 = Release|Any CPU
		{5FB4449D-47C5-4F00-A7BC-8D3956974BD9}.Release|iPhoneSimulator.ActiveCfg = Release|Any CPU
		{5FB4449D-47C5-4F00-A7BC-8D3956974BD9}.Release|iPhoneSimulator.Build.0 = Release|Any CPU
	EndGlobalSection
	GlobalSection(SolutionProperties) = preSolution
		HideSolutionNode = FALSE
	EndGlobalSection
	GlobalSection(NestedProjects) = preSolution
		{5C94C347-DEFE-469B-9B90-A500C70052DE} = {5A4D0CC5-B6DB-4BE2-8C99-E1E10101FD69}
		{E820EFAA-8862-4995-B10E-68B4C1AA9506} = {5A4D0CC5-B6DB-4BE2-8C99-E1E10101FD69}
		{9A5A7D37-9F55-4971-8B53-D677ABA9DBA9} = {5A4D0CC5-B6DB-4BE2-8C99-E1E10101FD69}
		{E4CEE042-4C2B-46A8-A8DC-7578E590AC0F} = {ACF02388-CD34-4CCB-9EF6-B48C3E9513D9}
		{F5DD4C82-FC0B-44A0-BC81-99AA9255B0BA} = {ACF02388-CD34-4CCB-9EF6-B48C3E9513D9}
		{5FB4449D-47C5-4F00-A7BC-8D3956974BD9} = {ACF02388-CD34-4CCB-9EF6-B48C3E9513D9}
	EndGlobalSection
	GlobalSection(ExtensibilityGlobals) = postSolution
		SolutionGuid = {E241D3A8-FE27-4452-AD9F-EC2BF58407CA}
	EndGlobalSection
EndGlobal
